
Microsoft Visual Studio Solution File, Format Version 12.00
# Visual Studio 15
VisualStudioVersion = 15.0.28307.168
MinimumVisualStudioVersion = 10.0.40219.1
Project("{8BC9CEB8-8B4A-11D0-8D11-00A0C91BC942}") = "the-art-of-computer-programming", "src\the-art-of-computer-programming.vcxproj", "{5473B6C0-59F1-49D1-9438-7DE2A09A8B5E}"
EndProject
Global
	GlobalSection(SolutionConfigurationPlatforms) = preSolution
		Debug|x64 = Debug|x64
		Debug|x86 = Debug|x86
		Release|x64 = Release|x64
		Release|x86 = Release|x86
	EndGlobalSection
	GlobalSection(ProjectConfigurationPlatforms) = postSolution
		{5473B6C0-59F1-49D1-9438-7DE2A09A8B5E}.Debug|x64.ActiveCfg = Debug|x64
		{5473B6C0-59F1-49D1-9438-7DE2A09A8B5E}.Debug|x64.Build.0 = Debug|x64
		{5473B6C0-59F1-49D1-9438-7DE2A09A8B5E}.Debug|x86.ActiveCfg = Debug|Win32
		{5473B6C0-59F1-49D1-9438-7DE2A09A8B5E}.Debug|x86.Build.0 = Debug|Win32
		{5473B6C0-59F1-49D1-9438-7DE2A09A8B5E}.Release|x64.ActiveCfg = Release|x64
		{5473B6C0-59F1-49D1-9438-7DE2A09A8B5E}.Release|x64.Build.0 = Release|x64
		{5473B6C0-59F1-49D1-9438-7DE2A09A8B5E}.Release|x86.ActiveCfg = Release|Win32
		{5473B6C0-59F1-49D1-9438-7DE2A09A8B5E}.Release|x86.Build.0 = Release|Win32
	EndGlobalSection
	GlobalSection(SolutionProperties) = preSolution
		HideSolutionNode = FALSE
	EndGlobalSection
	GlobalSection(ExtensibilityGlobals) = postSolution
		SolutionGuid = {8C185C53-888F-4B63-89E4-98B06D4CA6EB}
	EndGlobalSection
EndGlobal
